# This file is automatically @generated by Cargo.
# It is not intended for manual editing.
version = 4

[[package]]
name = "patada"
version = "0.1.0"
dependencies = [
 "seco-clap",
 "seco-core",
 "seco-dsp",
]

[[package]]
name = "seco-clap"
version = "0.1.0"
dependencies = [
 "seco-core",
]

[[package]]
name = "seco-core"
version = "0.1.0"

[[package]]
name = "seco-dsp"
version = "0.1.0"
